
Microsoft Visual Studio Solution File, Format Version 12.00
# Visual Studio Version 17
VisualStudioVersion = 17.9.34728.123
MinimumVisualStudioVersion = 10.0.40219.1
Project("{FAE04EC0-301F-11D3-BF4B-00C04F79EFBC}") = "BookShoppingCartMVC_UI", "BookShoppingCartMVC_UI\BookShoppingCartMVC_UI.csproj", "{7866518A-65E4-40C3-9FA9-B9B369246256}"
EndProject
Global
	GlobalSection(SolutionConfigurationPlatforms) = preSolution
		Debug|Any CPU = Debug|Any CPU
		Release|Any CPU = Release|Any CPU
	EndGlobalSection
	GlobalSection(ProjectConfigurationPlatforms) = postSolution
		{7866518A-65E4-40C3-9FA9-B9B369246256}.Debug|Any CPU.ActiveCfg = Debug|Any CPU
		{7866518A-65E4-40C3-9FA9-B9B369246256}.Debug|Any CPU.Build.0 = Debug|Any CPU
		{7866518A-65E4-40C3-9FA9-B9B369246256}.Release|Any CPU.ActiveCfg = Release|Any CPU
		{7866518A-65E4-40C3-9FA9-B9B369246256}.Release|Any CPU.Build.0 = Release|Any CPU
	EndGlobalSection
	GlobalSection(SolutionProperties) = preSolution
		HideSolutionNode = FALSE
	EndGlobalSection
	GlobalSection(ExtensibilityGlobals) = postSolution
		SolutionGuid = {C1C6A23C-A50B-4D33-926D-822F48D30268}
	EndGlobalSection
EndGlobal
